
Microsoft Visual Studio Solution File, Format Version 12.00
# Visual Studio Version 17
VisualStudioVersion = 17.5.002.0
MinimumVisualStudioVersion = 10.0.40219.1
Project("{9A19103F-16F7-4668-BE54-9A1E7A4F7556}") = "ADO.NET", "ADO.NET.csproj", "{887A3450-3D17-428A-AD0E-89F1621CC8FD}"
EndProject
Global
	GlobalSection(SolutionConfigurationPlatforms) = preSolution
		Debug|Any CPU = Debug|Any CPU
		Release|Any CPU = Release|Any CPU
	EndGlobalSection
	GlobalSection(ProjectConfigurationPlatforms) = postSolution
		{887A3450-3D17-428A-AD0E-89F1621CC8FD}.Debug|Any CPU.ActiveCfg = Debug|Any CPU
		{887A3450-3D17-428A-AD0E-89F1621CC8FD}.Debug|Any CPU.Build.0 = Debug|Any CPU
		{887A3450-3D17-428A-AD0E-89F1621CC8FD}.Release|Any CPU.ActiveCfg = Release|Any CPU
		{887A3450-3D17-428A-AD0E-89F1621CC8FD}.Release|Any CPU.Build.0 = Release|Any CPU
	EndGlobalSection
	GlobalSection(SolutionProperties) = preSolution
		HideSolutionNode = FALSE
	EndGlobalSection
	GlobalSection(ExtensibilityGlobals) = postSolution
		SolutionGuid = {14DAA4F5-6D7F-4537-B722-52D9CFC12C0A}
	EndGlobalSection
EndGlobal
