
Microsoft Visual Studio Solution File, Format Version 12.00
# Visual Studio Version 17
VisualStudioVersion = 17.5.002.0
MinimumVisualStudioVersion = 10.0.40219.1
Project("{9A19103F-16F7-4668-BE54-9A1E7A4F7556}") = "exo2", "exo2.csproj", "{B5281003-E0DE-4D73-AEC8-9C370B319B39}"
EndProject
Global
	GlobalSection(SolutionConfigurationPlatforms) = preSolution
		Debug|Any CPU = Debug|Any CPU
		Release|Any CPU = Release|Any CPU
	EndGlobalSection
	GlobalSection(ProjectConfigurationPlatforms) = postSolution
		{B5281003-E0DE-4D73-AEC8-9C370B319B39}.Debug|Any CPU.ActiveCfg = Debug|Any CPU
		{B5281003-E0DE-4D73-AEC8-9C370B319B39}.Debug|Any CPU.Build.0 = Debug|Any CPU
		{B5281003-E0DE-4D73-AEC8-9C370B319B39}.Release|Any CPU.ActiveCfg = Release|Any CPU
		{B5281003-E0DE-4D73-AEC8-9C370B319B39}.Release|Any CPU.Build.0 = Release|Any CPU
	EndGlobalSection
	GlobalSection(SolutionProperties) = preSolution
		HideSolutionNode = FALSE
	EndGlobalSection
	GlobalSection(ExtensibilityGlobals) = postSolution
		SolutionGuid = {E6DC028A-D6CA-421B-90B1-2527B0868F2D}
	EndGlobalSection
EndGlobal
