
Microsoft Visual Studio Solution File, Format Version 12.00
# Visual Studio Version 17
VisualStudioVersion = 17.5.002.0
MinimumVisualStudioVersion = 10.0.40219.1
Project("{9A19103F-16F7-4668-BE54-9A1E7A4F7556}") = "exo3", "exo3.csproj", "{BD8EF477-DF25-4AD7-B182-42235F7624EB}"
EndProject
Global
	GlobalSection(SolutionConfigurationPlatforms) = preSolution
		Debug|Any CPU = Debug|Any CPU
		Release|Any CPU = Release|Any CPU
	EndGlobalSection
	GlobalSection(ProjectConfigurationPlatforms) = postSolution
		{BD8EF477-DF25-4AD7-B182-42235F7624EB}.Debug|Any CPU.ActiveCfg = Debug|Any CPU
		{BD8EF477-DF25-4AD7-B182-42235F7624EB}.Debug|Any CPU.Build.0 = Debug|Any CPU
		{BD8EF477-DF25-4AD7-B182-42235F7624EB}.Release|Any CPU.ActiveCfg = Release|Any CPU
		{BD8EF477-DF25-4AD7-B182-42235F7624EB}.Release|Any CPU.Build.0 = Release|Any CPU
	EndGlobalSection
	GlobalSection(SolutionProperties) = preSolution
		HideSolutionNode = FALSE
	EndGlobalSection
	GlobalSection(ExtensibilityGlobals) = postSolution
		SolutionGuid = {31FD32B2-FDD3-4694-A465-01C2A8CF7388}
	EndGlobalSection
EndGlobal
